
Microsoft Visual Studio Solution File, Format Version 12.00
# Visual Studio Version 17
VisualStudioVersion = 17.8.35827.206
MinimumVisualStudioVersion = 10.0.40219.1
Project("{9A19103F-16F7-4668-BE54-9A1E7A4F7556}") = "PayRunIO.QueryBuilder", "PayRunIO.QueryBuilder\PayRunIO.QueryBuilder.csproj", "{22669AAC-73AB-41AC-BCF1-84CB7A7AEC1C}"
EndProject
Project("{9A19103F-16F7-4668-BE54-9A1E7A4F7556}") = "PayRunIO.ConnectionControls", "..\..\PayRunIO.ConnectionControls\PayRunIO.ConnectionControls\PayRunIO.ConnectionControls.csproj", "{A935251C-8320-4C07-85BF-F94644DBD32A}"
EndProject
Project("{9A19103F-16F7-4668-BE54-9A1E7A4F7556}") = "PayRunIO.RqlAssistant.Service", "PayRunIO.RqlAssistant.Service\PayRunIO.RqlAssistant.Service.csproj", "{B9102F51-96FA-47D9-9CC5-0B83F00B6D7E}"
EndProject
Project("{FAE04EC0-301F-11D3-BF4B-00C04F79EFBC}") = "PayRunIO.RqlAssistant.Service.Tests", "PayRunIO.RqlAssistant.Service.Tests\PayRunIO.RqlAssistant.Service.Tests.csproj", "{D9DA0213-F263-40BF-AB32-D04E132171FC}"
EndProject
Project("{FAE04EC0-301F-11D3-BF4B-00C04F79EFBC}") = "PayRunIO.RqlAssistant.Core", "PayRunIO.RqlAssistant.Core\PayRunIO.RqlAssistant.Core.csproj", "{AF451855-4486-4D68-A78F-D1570BD68B09}"
EndProject
Project("{FAE04EC0-301F-11D3-BF4B-00C04F79EFBC}") = "PayRunIO.RqlAssistant.Mcp", "PayRunIO.RqlAssistant.Mcp\PayRunIO.RqlAssistant.Mcp.csproj", "{D141C7AD-ADD4-48B3-B74D-D77801D78099}"
EndProject
Project("{FAE04EC0-301F-11D3-BF4B-00C04F79EFBC}") = "PayRunIO.RqlAssistant.SchemaRefresh", "PayRunIO.RqlAssistant.SchemaRefresh\PayRunIO.RqlAssistant.SchemaRefresh.csproj", "{E9DFDFE2-FFC2-422D-832D-1EBF7468F4A6}"
EndProject
Project("{FAE04EC0-301F-11D3-BF4B-00C04F79EFBC}") = "PayRunIO.ReportBuilder", "PayRunIO.ReportBuilder\PayRunIO.ReportBuilder.csproj", "{2050AAE6-1545-4346-A3C7-83CA8DD6C94C}"
EndProject
Global
	GlobalSection(SolutionConfigurationPlatforms) = preSolution
		Debug|Any CPU = Debug|Any CPU
		Debug|x64 = Debug|x64
		Debug|x86 = Debug|x86
		Release|Any CPU = Release|Any CPU
		Release|x64 = Release|x64
		Release|x86 = Release|x86
	EndGlobalSection
	GlobalSection(ProjectConfigurationPlatforms) = postSolution
		{22669AAC-73AB-41AC-BCF1-84CB7A7AEC1C}.Debug|Any CPU.ActiveCfg = Debug|Any CPU
		{22669AAC-73AB-41AC-BCF1-84CB7A7AEC1C}.Debug|Any CPU.Build.0 = Debug|Any CPU
		{22669AAC-73AB-41AC-BCF1-84CB7A7AEC1C}.Debug|x64.ActiveCfg = Debug|Any CPU
		{22669AAC-73AB-41AC-BCF1-84CB7A7AEC1C}.Debug|x64.Build.0 = Debug|Any CPU
		{22669AAC-73AB-41AC-BCF1-84CB7A7AEC1C}.Debug|x86.ActiveCfg = Debug|Any CPU
		{22669AAC-73AB-41AC-BCF1-84CB7A7AEC1C}.Debug|x86.Build.0 = Debug|Any CPU
		{22669AAC-73AB-41AC-BCF1-84CB7A7AEC1C}.Release|Any CPU.ActiveCfg = Release|Any CPU
		{22669AAC-73AB-41AC-BCF1-84CB7A7AEC1C}.Release|Any CPU.Build.0 = Release|Any CPU
		{22669AAC-73AB-41AC-BCF1-84CB7A7AEC1C}.Release|x64.ActiveCfg = Release|Any CPU
		{22669AAC-73AB-41AC-BCF1-84CB7A7AEC1C}.Release|x64.Build.0 = Release|Any CPU
		{22669AAC-73AB-41AC-BCF1-84CB7A7AEC1C}.Release|x86.ActiveCfg = Release|Any CPU
		{22669AAC-73AB-41AC-BCF1-84CB7A7AEC1C}.Release|x86.Build.0 = Release|Any CPU
		{A935251C-8320-4C07-85BF-F94644DBD32A}.Debug|Any CPU.ActiveCfg = Debug|Any CPU
		{A935251C-8320-4C07-85BF-F94644DBD32A}.Debug|Any CPU.Build.0 = Debug|Any CPU
		{A935251C-8320-4C07-85BF-F94644DBD32A}.Debug|x64.ActiveCfg = Debug|Any CPU
		{A935251C-8320-4C07-85BF-F94644DBD32A}.Debug|x64.Build.0 = Debug|Any CPU
		{A935251C-8320-4C07-85BF-F94644DBD32A}.Debug|x86.ActiveCfg = Debug|Any CPU
		{A935251C-8320-4C07-85BF-F94644DBD32A}.Debug|x86.Build.0 = Debug|Any CPU
		{A935251C-8320-4C07-85BF-F94644DBD32A}.Release|Any CPU.ActiveCfg = Release|Any CPU
		{A935251C-8320-4C07-85BF-F94644DBD32A}.Release|Any CPU.Build.0 = Release|Any CPU
		{A935251C-8320-4C07-85BF-F94644DBD32A}.Release|x64.ActiveCfg = Release|Any CPU
		{A935251C-8320-4C07-85BF-F94644DBD32A}.Release|x64.Build.0 = Release|Any CPU
		{A935251C-8320-4C07-85BF-F94644DBD32A}.Release|x86.ActiveCfg = Release|Any CPU
		{A935251C-8320-4C07-85BF-F94644DBD32A}.Release|x86.Build.0 = Release|Any CPU
		{B9102F51-96FA-47D9-9CC5-0B83F00B6D7E}.Debug|Any CPU.ActiveCfg = Debug|Any CPU
		{B9102F51-96FA-47D9-9CC5-0B83F00B6D7E}.Debug|Any CPU.Build.0 = Debug|Any CPU
		{B9102F51-96FA-47D9-9CC5-0B83F00B6D7E}.Debug|x64.ActiveCfg = Debug|Any CPU
		{B9102F51-96FA-47D9-9CC5-0B83F00B6D7E}.Debug|x64.Build.0 = Debug|Any CPU
		{B9102F51-96FA-47D9-9CC5-0B83F00B6D7E}.Debug|x86.ActiveCfg = Debug|Any CPU
		{B9102F51-96FA-47D9-9CC5-0B83F00B6D7E}.Debug|x86.Build.0 = Debug|Any CPU
		{B9102F51-96FA-47D9-9CC5-0B83F00B6D7E}.Release|Any CPU.ActiveCfg = Release|Any CPU
		{B9102F51-96FA-47D9-9CC5-0B83F00B6D7E}.Release|Any CPU.Build.0 = Release|Any CPU
		{B9102F51-96FA-47D9-9CC5-0B83F00B6D7E}.Release|x64.ActiveCfg = Release|Any CPU
		{B9102F51-96FA-47D9-9CC5-0B83F00B6D7E}.Release|x64.Build.0 = Release|Any CPU
		{B9102F51-96FA-47D9-9CC5-0B83F00B6D7E}.Release|x86.ActiveCfg = Release|Any CPU
		{B9102F51-96FA-47D9-9CC5-0B83F00B6D7E}.Release|x86.Build.0 = Release|Any CPU
		{D9DA0213-F263-40BF-AB32-D04E132171FC}.Debug|Any CPU.ActiveCfg = Debug|Any CPU
		{D9DA0213-F263-40BF-AB32-D04E132171FC}.Debug|Any CPU.Build.0 = Debug|Any CPU
		{D9DA0213-F263-40BF-AB32-D04E132171FC}.Debug|x64.ActiveCfg = Debug|Any CPU
		{D9DA0213-F263-40BF-AB32-D04E132171FC}.Debug|x64.Build.0 = Debug|Any CPU
		{D9DA0213-F263-40BF-AB32-D04E132171FC}.Debug|x86.ActiveCfg = Debug|Any CPU
		{D9DA0213-F263-40BF-AB32-D04E132171FC}.Debug|x86.Build.0 = Debug|Any CPU
		{D9DA0213-F263-40BF-AB32-D04E132171FC}.Release|Any CPU.ActiveCfg = Release|Any CPU
		{D9DA0213-F263-40BF-AB32-D04E132171FC}.Release|Any CPU.Build.0 = Release|Any CPU
		{D9DA0213-F263-40BF-AB32-D04E132171FC}.Release|x64.ActiveCfg = Release|Any CPU
		{D9DA0213-F263-40BF-AB32-D04E132171FC}.Release|x64.Build.0 = Release|Any CPU
		{D9DA0213-F263-40BF-AB32-D04E132171FC}.Release|x86.ActiveCfg = Release|Any CPU
		{D9DA0213-F263-40BF-AB32-D04E132171FC}.Release|x86.Build.0 = Release|Any CPU
		{AF451855-4486-4D68-A78F-D1570BD68B09}.Debug|Any CPU.ActiveCfg = Debug|Any CPU
		{AF451855-4486-4D68-A78F-D1570BD68B09}.Debug|Any CPU.Build.0 = Debug|Any CPU
		{AF451855-4486-4D68-A78F-D1570BD68B09}.Debug|x64.ActiveCfg = Debug|Any CPU
		{AF451855-4486-4D68-A78F-D1570BD68B09}.Debug|x64.Build.0 = Debug|Any CPU
		{AF451855-4486-4D68-A78F-D1570BD68B09}.Debug|x86.ActiveCfg = Debug|Any CPU
		{AF451855-4486-4D68-A78F-D1570BD68B09}.Debug|x86.Build.0 = Debug|Any CPU
		{AF451855-4486-4D68-A78F-D1570BD68B09}.Release|Any CPU.ActiveCfg = Release|Any CPU
		{AF451855-4486-4D68-A78F-D1570BD68B09}.Release|Any CPU.Build.0 = Release|Any CPU
		{AF451855-4486-4D68-A78F-D1570BD68B09}.Release|x64.ActiveCfg = Release|Any CPU
		{AF451855-4486-4D68-A78F-D1570BD68B09}.Release|x64.Build.0 = Release|Any CPU
		{AF451855-4486-4D68-A78F-D1570BD68B09}.Release|x86.ActiveCfg = Release|Any CPU
		{AF451855-4486-4D68-A78F-D1570BD68B09}.Release|x86.Build.0 = Release|Any CPU
		{D141C7AD-ADD4-48B3-B74D-D77801D78099}.Debug|Any CPU.ActiveCfg = Debug|Any CPU
		{D141C7AD-ADD4-48B3-B74D-D77801D78099}.Debug|Any CPU.Build.0 = Debug|Any CPU
		{D141C7AD-ADD4-48B3-B74D-D77801D78099}.Debug|x64.ActiveCfg = Debug|Any CPU
		{D141C7AD-ADD4-48B3-B74D-D77801D78099}.Debug|x64.Build.0 = Debug|Any CPU
		{D141C7AD-ADD4-48B3-B74D-D77801D78099}.Debug|x86.ActiveCfg = Debug|Any CPU
		{D141C7AD-ADD4-48B3-B74D-D77801D78099}.Debug|x86.Build.0 = Debug|Any CPU
		{D141C7AD-ADD4-48B3-B74D-D77801D78099}.Release|Any CPU.ActiveCfg = Release|Any CPU
		{D141C7AD-ADD4-48B3-B74D-D77801D78099}.Release|Any CPU.Build.0 = Release|Any CPU
		{D141C7AD-ADD4-48B3-B74D-D77801D78099}.Release|x64.ActiveCfg = Release|Any CPU
		{D141C7AD-ADD4-48B3-B74D-D77801D78099}.Release|x64.Build.0 = Release|Any CPU
		{D141C7AD-ADD4-48B3-B74D-D77801D78099}.Release|x86.ActiveCfg = Release|Any CPU
		{D141C7AD-ADD4-48B3-B74D-D77801D78099}.Release|x86.Build.0 = Release|Any CPU
		{E9DFDFE2-FFC2-422D-832D-1EBF7468F4A6}.Debug|Any CPU.ActiveCfg = Debug|Any CPU
		{E9DFDFE2-FFC2-422D-832D-1EBF7468F4A6}.Debug|Any CPU.Build.0 = Debug|Any CPU
		{E9DFDFE2-FFC2-422D-832D-1EBF7468F4A6}.Debug|x64.ActiveCfg = Debug|Any CPU
		{E9DFDFE2-FFC2-422D-832D-1EBF7468F4A6}.Debug|x64.Build.0 = Debug|Any CPU
		{E9DFDFE2-FFC2-422D-832D-1EBF7468F4A6}.Debug|x86.ActiveCfg = Debug|Any CPU
		{E9DFDFE2-FFC2-422D-832D-1EBF7468F4A6}.Debug|x86.Build.0 = Debug|Any CPU
		{E9DFDFE2-FFC2-422D-832D-1EBF7468F4A6}.Release|Any CPU.ActiveCfg = Release|Any CPU
		{E9DFDFE2-FFC2-422D-832D-1EBF7468F4A6}.Release|Any CPU.Build.0 = Release|Any CPU
		{E9DFDFE2-FFC2-422D-832D-1EBF7468F4A6}.Release|x64.ActiveCfg = Release|Any CPU
		{E9DFDFE2-FFC2-422D-832D-1EBF7468F4A6}.Release|x64.Build.0 = Release|Any CPU
		{E9DFDFE2-FFC2-422D-832D-1EBF7468F4A6}.Release|x86.ActiveCfg = Release|Any CPU
		{E9DFDFE2-FFC2-422D-832D-1EBF7468F4A6}.Release|x86.Build.0 = Release|Any CPU
		{2050AAE6-1545-4346-A3C7-83CA8DD6C94C}.Debug|Any CPU.ActiveCfg = Debug|Any CPU
		{2050AAE6-1545-4346-A3C7-83CA8DD6C94C}.Debug|Any CPU.Build.0 = Debug|Any CPU
		{2050AAE6-1545-4346-A3C7-83CA8DD6C94C}.Debug|x64.ActiveCfg = Debug|Any CPU
		{2050AAE6-1545-4346-A3C7-83CA8DD6C94C}.Debug|x64.Build.0 = Debug|Any CPU
		{2050AAE6-1545-4346-A3C7-83CA8DD6C94C}.Debug|x86.ActiveCfg = Debug|Any CPU
		{2050AAE6-1545-4346-A3C7-83CA8DD6C94C}.Debug|x86.Build.0 = Debug|Any CPU
		{2050AAE6-1545-4346-A3C7-83CA8DD6C94C}.Release|Any CPU.ActiveCfg = Release|Any CPU
		{2050AAE6-1545-4346-A3C7-83CA8DD6C94C}.Release|Any CPU.Build.0 = Release|Any CPU
		{2050AAE6-1545-4346-A3C7-83CA8DD6C94C}.Release|x64.ActiveCfg = Release|Any CPU
		{2050AAE6-1545-4346-A3C7-83CA8DD6C94C}.Release|x64.Build.0 = Release|Any CPU
		{2050AAE6-1545-4346-A3C7-83CA8DD6C94C}.Release|x86.ActiveCfg = Release|Any CPU
		{2050AAE6-1545-4346-A3C7-83CA8DD6C94C}.Release|x86.Build.0 = Release|Any CPU
	EndGlobalSection
	GlobalSection(SolutionProperties) = preSolution
		HideSolutionNode = FALSE
	EndGlobalSection
	GlobalSection(ExtensibilityGlobals) = postSolution
		SolutionGuid = {3C6B8521-86F8-48F8-B5A0-DF1A08EC7088}
	EndGlobalSection
EndGlobal
