
Microsoft Visual Studio Solution File, Format Version 12.00
# Visual Studio Version 17
VisualStudioVersion = 17.8.35827.206
MinimumVisualStudioVersion = 10.0.40219.1
Project("{9A19103F-16F7-4668-BE54-9A1E7A4F7556}") = "PayRunIO.QueryBuilder", "PayRunIO.QueryBuilder\PayRunIO.QueryBuilder.csproj", "{22669AAC-73AB-41AC-BCF1-84CB7A7AEC1C}"
EndProject
Project("{9A19103F-16F7-4668-BE54-9A1E7A4F7556}") = "PayRunIO.ConnectionControls", "..\..\PayRunIO.ConnectionControls\PayRunIO.ConnectionControls\PayRunIO.ConnectionControls.csproj", "{A935251C-8320-4C07-85BF-F94644DBD32A}"
EndProject
Project("{9A19103F-16F7-4668-BE54-9A1E7A4F7556}") = "PayRunIO.RqlAssistant.Service", "PayRunIO.RqlAssistant.Service\PayRunIO.RqlAssistant.Service.csproj", "{B9102F51-96FA-47D9-9CC5-0B83F00B6D7E}"
EndProject
Global
	GlobalSection(SolutionConfigurationPlatforms) = preSolution
		Debug|Any CPU = Debug|Any CPU
		Release|Any CPU = Release|Any CPU
	EndGlobalSection
	GlobalSection(ProjectConfigurationPlatforms) = postSolution
		{22669AAC-73AB-41AC-BCF1-84CB7A7AEC1C}.Debug|Any CPU.ActiveCfg = Debug|Any CPU
		{22669AAC-73AB-41AC-BCF1-84CB7A7AEC1C}.Debug|Any CPU.Build.0 = Debug|Any CPU
		{22669AAC-73AB-41AC-BCF1-84CB7A7AEC1C}.Release|Any CPU.ActiveCfg = Release|Any CPU
		{22669AAC-73AB-41AC-BCF1-84CB7A7AEC1C}.Release|Any CPU.Build.0 = Release|Any CPU
		{A935251C-8320-4C07-85BF-F94644DBD32A}.Debug|Any CPU.ActiveCfg = Debug|Any CPU
		{A935251C-8320-4C07-85BF-F94644DBD32A}.Debug|Any CPU.Build.0 = Debug|Any CPU
		{A935251C-8320-4C07-85BF-F94644DBD32A}.Release|Any CPU.ActiveCfg = Release|Any CPU
		{A935251C-8320-4C07-85BF-F94644DBD32A}.Release|Any CPU.Build.0 = Release|Any CPU
		{B9102F51-96FA-47D9-9CC5-0B83F00B6D7E}.Debug|Any CPU.ActiveCfg = Debug|Any CPU
		{B9102F51-96FA-47D9-9CC5-0B83F00B6D7E}.Debug|Any CPU.Build.0 = Debug|Any CPU
		{B9102F51-96FA-47D9-9CC5-0B83F00B6D7E}.Release|Any CPU.ActiveCfg = Release|Any CPU
		{B9102F51-96FA-47D9-9CC5-0B83F00B6D7E}.Release|Any CPU.Build.0 = Release|Any CPU
	EndGlobalSection
	GlobalSection(SolutionProperties) = preSolution
		HideSolutionNode = FALSE
	EndGlobalSection
	GlobalSection(ExtensibilityGlobals) = postSolution
		SolutionGuid = {3C6B8521-86F8-48F8-B5A0-DF1A08EC7088}
	EndGlobalSection
EndGlobal
